
Microsoft Visual Studio Solution File, Format Version 12.00
# Visual Studio Version 16
VisualStudioVersion = 16.0.32901.82
MinimumVisualStudioVersion = 10.0.40219.1
Project("{FAE04EC0-301F-11D3-BF4B-00C04F79EFBC}") = "CallingMethods", "CallingMethods\CallingMethods.csproj", "{3CD832DB-CA6A-44E5-BD66-6F02D2004781}"
EndProject
Global
	GlobalSection(SolutionConfigurationPlatforms) = preSolution
		Debug|Any CPU = Debug|Any CPU
		Release|Any CPU = Release|Any CPU
	EndGlobalSection
	GlobalSection(ProjectConfigurationPlatforms) = postSolution
		{3CD832DB-CA6A-44E5-BD66-6F02D2004781}.Debug|Any CPU.ActiveCfg = Debug|Any CPU
		{3CD832DB-CA6A-44E5-BD66-6F02D2004781}.Debug|Any CPU.Build.0 = Debug|Any CPU
		{3CD832DB-CA6A-44E5-BD66-6F02D2004781}.Release|Any CPU.ActiveCfg = Release|Any CPU
		{3CD832DB-CA6A-44E5-BD66-6F02D2004781}.Release|Any CPU.Build.0 = Release|Any CPU
	EndGlobalSection
	GlobalSection(SolutionProperties) = preSolution
		HideSolutionNode = FALSE
	EndGlobalSection
	GlobalSection(ExtensibilityGlobals) = postSolution
		SolutionGuid = {28DEF0F1-7882-4AD8-8706-7BE86B088689}
	EndGlobalSection
EndGlobal
