
Microsoft Visual Studio Solution File, Format Version 12.00
# Visual Studio Version 16
VisualStudioVersion = 16.0.32901.82
MinimumVisualStudioVersion = 10.0.40219.1
Project("{FAE04EC0-301F-11D3-BF4B-00C04F79EFBC}") = "MathAndComparisonOperator", "MathAndComparisonOperator\MathAndComparisonOperator.csproj", "{375085CA-5519-4D97-985E-639D1B53DAED}"
EndProject
Global
	GlobalSection(SolutionConfigurationPlatforms) = preSolution
		Debug|Any CPU = Debug|Any CPU
		Release|Any CPU = Release|Any CPU
	EndGlobalSection
	GlobalSection(ProjectConfigurationPlatforms) = postSolution
		{375085CA-5519-4D97-985E-639D1B53DAED}.Debug|Any CPU.ActiveCfg = Debug|Any CPU
		{375085CA-5519-4D97-985E-639D1B53DAED}.Debug|Any CPU.Build.0 = Debug|Any CPU
		{375085CA-5519-4D97-985E-639D1B53DAED}.Release|Any CPU.ActiveCfg = Release|Any CPU
		{375085CA-5519-4D97-985E-639D1B53DAED}.Release|Any CPU.Build.0 = Release|Any CPU
	EndGlobalSection
	GlobalSection(SolutionProperties) = preSolution
		HideSolutionNode = FALSE
	EndGlobalSection
	GlobalSection(ExtensibilityGlobals) = postSolution
		SolutionGuid = {FFDED9E2-4DB9-4EE6-9FF9-F63379EDEB2A}
	EndGlobalSection
EndGlobal
